
Microsoft Visual Studio Solution File, Format Version 12.00
# Visual Studio Version 17
VisualStudioVersion = 17.8.34511.84
MinimumVisualStudioVersion = 10.0.40219.1
Project("{FAE04EC0-301F-11D3-BF4B-00C04F79EFBC}") = "RubiksCubeSfml", "RubiksCubeSfml\RubiksCubeSfml.csproj", "{4DE111F4-447A-43F5-8DD5-A4250BF55BEF}"
EndProject
Global
	GlobalSection(SolutionConfigurationPlatforms) = preSolution
		Debug|Any CPU = Debug|Any CPU
		Release|Any CPU = Release|Any CPU
	EndGlobalSection
	GlobalSection(ProjectConfigurationPlatforms) = postSolution
		{4DE111F4-447A-43F5-8DD5-A4250BF55BEF}.Debug|Any CPU.ActiveCfg = Debug|Any CPU
		{4DE111F4-447A-43F5-8DD5-A4250BF55BEF}.Debug|Any CPU.Build.0 = Debug|Any CPU
		{4DE111F4-447A-43F5-8DD5-A4250BF55BEF}.Release|Any CPU.ActiveCfg = Release|Any CPU
		{4DE111F4-447A-43F5-8DD5-A4250BF55BEF}.Release|Any CPU.Build.0 = Release|Any CPU
	EndGlobalSection
	GlobalSection(SolutionProperties) = preSolution
		HideSolutionNode = FALSE
	EndGlobalSection
	GlobalSection(ExtensibilityGlobals) = postSolution
		SolutionGuid = {1BB74278-C787-4957-A143-19D2C84377F3}
	EndGlobalSection
EndGlobal
